
Microsoft Visual Studio Solution File, Format Version 12.00
# Visual Studio 15
VisualStudioVersion = 15.0.28307.271
MinimumVisualStudioVersion = 10.0.40219.1
Project("{FAE04EC0-301F-11D3-BF4B-00C04F79EFBC}") = "Lesson5_IterationStatement", "Lesson5_IterationStatement\Lesson5_IterationStatement.csproj", "{DCB91FB3-8101-4B82-B8AC-F9CE94FE20EF}"
EndProject
Global
	GlobalSection(SolutionConfigurationPlatforms) = preSolution
		Debug|Any CPU = Debug|Any CPU
		Release|Any CPU = Release|Any CPU
	EndGlobalSection
	GlobalSection(ProjectConfigurationPlatforms) = postSolution
		{DCB91FB3-8101-4B82-B8AC-F9CE94FE20EF}.Debug|Any CPU.ActiveCfg = Debug|Any CPU
		{DCB91FB3-8101-4B82-B8AC-F9CE94FE20EF}.Debug|Any CPU.Build.0 = Debug|Any CPU
		{DCB91FB3-8101-4B82-B8AC-F9CE94FE20EF}.Release|Any CPU.ActiveCfg = Release|Any CPU
		{DCB91FB3-8101-4B82-B8AC-F9CE94FE20EF}.Release|Any CPU.Build.0 = Release|Any CPU
	EndGlobalSection
	GlobalSection(SolutionProperties) = preSolution
		HideSolutionNode = FALSE
	EndGlobalSection
	GlobalSection(ExtensibilityGlobals) = postSolution
		SolutionGuid = {07694F82-BEA3-4C30-A8DD-12A686F9040C}
	EndGlobalSection
EndGlobal
